// !$*UTF8*$!
{
	archiveVersion = 1;
	classes = {
	};
	objectVersion = 46;
	objects = {

/* Begin PBXBuildFile section */
		5A35A2281E73052100162A20 /* AppDelegate.swift in Sources */ = {isa = PBXBuildFile; fileRef = 5A35A2271E73052100162A20 /* AppDelegate.swift */; };
		5A35A22D1E73052100162A20 /* Main.storyboard in Resources */ = {isa = PBXBuildFile; fileRef = 5A35A22B1E73052100162A20 /* Main.storyboard */; };
		5A35A22F1E73052100162A20 /* Assets.xcassets in Resources */ = {isa = PBXBuildFile; fileRef = 5A35A22E1E73052100162A20 /* Assets.xcassets */; };
		5A35A2321E73052100162A20 /* LaunchScreen.storyboard in Resources */ = {isa = PBXBuildFile; fileRef = 5A35A2301E73052100162A20 /* LaunchScreen.storyboard */; };
		5A35A2411E7306F600162A20 /* Pair.xcdatamodeld in Sources */ = {isa = PBXBuildFile; fileRef = 5A35A23F1E7306F600162A20 /* Pair.xcdatamodeld */; };
		5A35A2431E73071100162A20 /* Stack.swift in Sources */ = {isa = PBXBuildFile; fileRef = 5A35A2421E73071100162A20 /* Stack.swift */; };
		5A35A2451E73072D00162A20 /* Person+Convenience.swift in Sources */ = {isa = PBXBuildFile; fileRef = 5A35A2441E73072D00162A20 /* Person+Convenience.swift */; };
		5A35A2471E7307CA00162A20 /* PersonController .swift in Sources */ = {isa = PBXBuildFile; fileRef = 5A35A2461E7307CA00162A20 /* PersonController .swift */; };
		5A35A2491E73081000162A20 /* PairTableViewController.swift in Sources */ = {isa = PBXBuildFile; fileRef = 5A35A2481E73081000162A20 /* PairTableViewController.swift */; };
/* End PBXBuildFile section */

/* Begin PBXFileReference section */
		5A35A2241E73052100162A20 /* Pair.app */ = {isa = PBXFileReference; explicitFileType = wrapper.application; includeInIndex = 0; path = Pair.app; sourceTree = BUILT_PRODUCTS_DIR; };
		5A35A2271E73052100162A20 /* AppDelegate.swift */ = {isa = PBXFileReference; lastKnownFileType = sourcecode.swift; path = AppDelegate.swift; sourceTree = "<group>"; };
		5A35A22C1E73052100162A20 /* Base */ = {isa = PBXFileReference; lastKnownFileType = file.storyboard; name = Base; path = Base.lproj/Main.storyboard; sourceTree = "<group>"; };
		5A35A22E1E73052100162A20 /* Assets.xcassets */ = {isa = PBXFileReference; lastKnownFileType = folder.assetcatalog; path = Assets.xcassets; sourceTree = "<group>"; };
		5A35A2311E73052100162A20 /* Base */ = {isa = PBXFileReference; lastKnownFileType = file.storyboard; name = Base; path = Base.lproj/LaunchScreen.storyboard; sourceTree = "<group>"; };
		5A35A2331E73052100162A20 /* Info.plist */ = {isa = PBXFileReference; lastKnownFileType = text.plist.xml; path = Info.plist; sourceTree = "<group>"; };
		5A35A2401E7306F600162A20 /* Pair.xcdatamodel */ = {isa = PBXFileReference; lastKnownFileType = wrapper.xcdatamodel; path = Pair.xcdatamodel; sourceTree = "<group>"; };
		5A35A2421E73071100162A20 /* Stack.swift */ = {isa = PBXFileReference; fileEncoding = 4; lastKnownFileType = sourcecode.swift; path = Stack.swift; sourceTree = "<group>"; };
		5A35A2441E73072D00162A20 /* Person+Convenience.swift */ = {isa = PBXFileReference; fileEncoding = 4; lastKnownFileType = sourcecode.swift; path = "Person+Convenience.swift"; sourceTree = "<group>"; };
		5A35A2461E7307CA00162A20 /* PersonController .swift */ = {isa = PBXFileReference; fileEncoding = 4; lastKnownFileType = sourcecode.swift; path = "PersonController .swift"; sourceTree = "<group>"; };
		5A35A2481E73081000162A20 /* PairTableViewController.swift */ = {isa = PBXFileReference; fileEncoding = 4; lastKnownFileType = sourcecode.swift; path = PairTableViewController.swift; sourceTree = "<group>"; };
/* End PBXFileReference section */

/* Begin PBXFrameworksBuildPhase section */
		5A35A2211E73052100162A20 /* Frameworks */ = {
			isa = PBXFrameworksBuildPhase;
			buildActionMask = 2147483647;
			files = (
			);
			runOnlyForDeploymentPostprocessing = 0;
		};
/* End PBXFrameworksBuildPhase section */

/* Begin PBXGroup section */
		5A35A21B1E73052100162A20 = {
			isa = PBXGroup;
			children = (
				5A35A2261E73052100162A20 /* Pair */,
				5A35A2251E73052100162A20 /* Products */,
			);
			sourceTree = "<group>";
		};
		5A35A2251E73052100162A20 /* Products */ = {
			isa = PBXGroup;
			children = (
				5A35A2241E73052100162A20 /* Pair.app */,
			);
			name = Products;
			sourceTree = "<group>";
		};
		5A35A2261E73052100162A20 /* Pair */ = {
			isa = PBXGroup;
			children = (
				5A35A23C1E73069900162A20 /* Model */,
				5A35A23D1E73069E00162A20 /* ModelController */,
				5A35A23E1E7306A400162A20 /* ViewControllers */,
				5A35A2391E73068500162A20 /* StoryBoards */,
				5A35A23B1E73069200162A20 /* Resources */,
				5A35A23A1E73068C00162A20 /* Sources */,
			);
			path = Pair;
			sourceTree = "<group>";
		};
		5A35A2391E73068500162A20 /* StoryBoards */ = {
			isa = PBXGroup;
			children = (
				5A35A22B1E73052100162A20 /* Main.storyboard */,
				5A35A2301E73052100162A20 /* LaunchScreen.storyboard */,
			);
			name = StoryBoards;
			sourceTree = "<group>";
		};
		5A35A23A1E73068C00162A20 /* Sources */ = {
			isa = PBXGroup;
			children = (
				5A35A2271E73052100162A20 /* AppDelegate.swift */,
			);
			name = Sources;
			sourceTree = "<group>";
		};
		5A35A23B1E73069200162A20 /* Resources */ = {
			isa = PBXGroup;
			children = (
				5A35A22E1E73052100162A20 /* Assets.xcassets */,
				5A35A2331E73052100162A20 /* Info.plist */,
			);
			name = Resources;
			sourceTree = "<group>";
		};
		5A35A23C1E73069900162A20 /* Model */ = {
			isa = PBXGroup;
			children = (
				5A35A23F1E7306F600162A20 /* Pair.xcdatamodeld */,
				5A35A2421E73071100162A20 /* Stack.swift */,
				5A35A2441E73072D00162A20 /* Person+Convenience.swift */,
			);
			name = Model;
			sourceTree = "<group>";
		};
		5A35A23D1E73069E00162A20 /* ModelController */ = {
			isa = PBXGroup;
			children = (
				5A35A2461E7307CA00162A20 /* PersonController .swift */,
			);
			name = ModelController;
			sourceTree = "<group>";
		};
		5A35A23E1E7306A400162A20 /* ViewControllers */ = {
			isa = PBXGroup;
			children = (
				5A35A2481E73081000162A20 /* PairTableViewController.swift */,
			);
			name = ViewControllers;
			path = ..;
			sourceTree = "<group>";
		};
/* End PBXGroup section */

/* Begin PBXNativeTarget section */
		5A35A2231E73052100162A20 /* Pair */ = {
			isa = PBXNativeTarget;
			buildConfigurationList = 5A35A2361E73052100162A20 /* Build configuration list for PBXNativeTarget "Pair" */;
			buildPhases = (
				5A35A2201E73052100162A20 /* Sources */,
				5A35A2211E73052100162A20 /* Frameworks */,
				5A35A2221E73052100162A20 /* Resources */,
			);
			buildRules = (
			);
			dependencies = (
			);
			name = Pair;
			productName = Pair;
			productReference = 5A35A2241E73052100162A20 /* Pair.app */;
			productType = "com.apple.product-type.application";
		};
/* End PBXNativeTarget section */

/* Begin PBXProject section */
		5A35A21C1E73052100162A20 /* Project object */ = {
			isa = PBXProject;
			attributes = {
				LastSwiftUpdateCheck = 0820;
				LastUpgradeCheck = 0820;
				ORGANIZATIONNAME = Androoo;
				TargetAttributes = {
					5A35A2231E73052100162A20 = {
						CreatedOnToolsVersion = 8.2.1;
						DevelopmentTeam = BP324SX4AT;
						ProvisioningStyle = Automatic;
					};
				};
			};
			buildConfigurationList = 5A35A21F1E73052100162A20 /* Build configuration list for PBXProject "Pair" */;
			compatibilityVersion = "Xcode 3.2";
			developmentRegion = English;
			hasScannedForEncodings = 0;
			knownRegions = (
				en,
				Base,
			);
			mainGroup = 5A35A21B1E73052100162A20;
			productRefGroup = 5A35A2251E73052100162A20 /* Products */;
			projectDirPath = "";
			projectRoot = "";
			targets = (
				5A35A2231E73052100162A20 /* Pair */,
			);
		};
/* End PBXProject section */

/* Begin PBXResourcesBuildPhase section */
		5A35A2221E73052100162A20 /* Resources */ = {
			isa = PBXResourcesBuildPhase;
			buildActionMask = 2147483647;
			files = (
				5A35A2321E73052100162A20 /* LaunchScreen.storyboard in Resources */,
				5A35A22F1E73052100162A20 /* Assets.xcassets in Resources */,
				5A35A22D1E73052100162A20 /* Main.storyboard in Resources */,
			);
			runOnlyForDeploymentPostprocessing = 0;
		};
/* End PBXResourcesBuildPhase section */

/* Begin PBXSourcesBuildPhase section */
		5A35A2201E73052100162A20 /* Sources */ = {
			isa = PBXSourcesBuildPhase;
			buildActionMask = 2147483647;
			files = (
				5A35A2281E73052100162A20 /* AppDelegate.swift in Sources */,
				5A35A2431E73071100162A20 /* Stack.swift in Sources */,
				5A35A2451E73072D00162A20 /* Person+Convenience.swift in Sources */,
				5A35A2491E73081000162A20 /* PairTableViewController.swift in Sources */,
				5A35A2471E7307CA00162A20 /* PersonController .swift in Sources */,
				5A35A2411E7306F600162A20 /* Pair.xcdatamodeld in Sources */,
			);
			runOnlyForDeploymentPostprocessing = 0;
		};
/* End PBXSourcesBuildPhase section */

/* Begin PBXVariantGroup section */
		5A35A22B1E73052100162A20 /* Main.storyboard */ = {
			isa = PBXVariantGroup;
			children = (
				5A35A22C1E73052100162A20 /* Base */,
			);
			name = Main.storyboard;
			sourceTree = "<group>";
		};
		5A35A2301E73052100162A20 /* LaunchScreen.storyboard */ = {
			isa = PBXVariantGroup;
			children = (
				5A35A2311E73052100162A20 /* Base */,
			);
			name = LaunchScreen.storyboard;
			sourceTree = "<group>";
		};
/* End PBXVariantGroup section */

/* Begin XCBuildConfiguration section */
		5A35A2341E73052100162A20 /* Debug */ = {
			isa = XCBuildConfiguration;
			buildSettings = {
				ALWAYS_SEARCH_USER_PATHS = NO;
				CLANG_ANALYZER_NONNULL = YES;
				CLANG_CXX_LANGUAGE_STANDARD = "gnu++0x";
				CLANG_CXX_LIBRARY = "libc++";
				CLANG_ENABLE_MODULES = YES;
				CLANG_ENABLE_OBJC_ARC = YES;
				CLANG_WARN_BOOL_CONVERSION = YES;
				CLANG_WARN_CONSTANT_CONVERSION = YES;
				CLANG_WARN_DIRECT_OBJC_ISA_USAGE = YES_ERROR;
				CLANG_WARN_DOCUMENTATION_COMMENTS = YES;
				CLANG_WARN_EMPTY_BODY = YES;
				CLANG_WARN_ENUM_CONVERSION = YES;
				CLANG_WARN_INFINITE_RECURSION = YES;
				CLANG_WARN_INT_CONVERSION = YES;
				CLANG_WARN_OBJC_ROOT_CLASS = YES_ERROR;
				CLANG_WARN_SUSPICIOUS_MOVE = YES;
				CLANG_WARN_UNREACHABLE_CODE = YES;
				CLANG_WARN__DUPLICATE_METHOD_MATCH = YES;
				"CODE_SIGN_IDENTITY[sdk=iphoneos*]" = "iPhone Developer";
				COPY_PHASE_STRIP = NO;
				DEBUG_INFORMATION_FORMAT = dwarf;
				ENABLE_STRICT_OBJC_MSGSEND = YES;
				ENABLE_TESTABILITY = YES;
				GCC_C_LANGUAGE_STANDARD = gnu99;
				GCC_DYNAMIC_NO_PIC = NO;
				GCC_NO_COMMON_BLOCKS = YES;
				GCC_OPTIMIZATION_LEVEL = 0;
				GCC_PREPROCESSOR_DEFINITIONS = (
					"DEBUG=1",
					"$(inherited)",
				);
				GCC_WARN_64_TO_32_BIT_CONVERSION = YES;
				GCC_WARN_ABOUT_RETURN_TYPE = YES_ERROR;
				GCC_WARN_UNDECLARED_SELECTOR = YES;
				GCC_WARN_UNINITIALIZED_AUTOS = YES_AGGRESSIVE;
				GCC_WARN_UNUSED_FUNCTION = YES;
				GCC_WARN_UNUSED_VARIABLE = YES;
				IPHONEOS_DEPLOYMENT_TARGET = 10.2;
				MTL_ENABLE_DEBUG_INFO = YES;
				ONLY_ACTIVE_ARCH = YES;
				SDKROOT = iphoneos;
				SWIFT_ACTIVE_COMPILATION_CONDITIONS = DEBUG;
				SWIFT_OPTIMIZATION_LEVEL = "-Onone";
				TARGETED_DEVICE_FAMILY = "1,2";
			};
			name = Debug;
		};
		5A35A2351E73052100162A20 /* Release */ = {
			isa = XCBuildConfiguration;
			buildSettings = {
				ALWAYS_SEARCH_USER_PATHS = NO;
				CLANG_ANALYZER_NONNULL = YES;
				CLANG_CXX_LANGUAGE_STANDARD = "gnu++0x";
				CLANG_CXX_LIBRARY = "libc++";
				CLANG_ENABLE_MODULES = YES;
				CLANG_ENABLE_OBJC_ARC = YES;
				CLANG_WARN_BOOL_CONVERSION = YES;
				CLANG_WARN_CONSTANT_CONVERSION = YES;
				CLANG_WARN_DIRECT_OBJC_ISA_USAGE = YES_ERROR;
				CLANG_WARN_DOCUMENTATION_COMMENTS = YES;
				CLANG_WARN_EMPTY_BODY = YES;
				CLANG_WARN_ENUM_CONVERSION = YES;
				CLANG_WARN_INFINITE_RECURSION = YES;
				CLANG_WARN_INT_CONVERSION = YES;
				CLANG_WARN_OBJC_ROOT_CLASS = YES_ERROR;
				CLANG_WARN_SUSPICIOUS_MOVE = YES;
				CLANG_WARN_UNREACHABLE_CODE = YES;
				CLANG_WARN__DUPLICATE_METHOD_MATCH = YES;
				"CODE_SIGN_IDENTITY[sdk=iphoneos*]" = "iPhone Developer";
				COPY_PHASE_STRIP = NO;
				DEBUG_INFORMATION_FORMAT = "dwarf-with-dsym";
				ENABLE_NS_ASSERTIONS = NO;
				ENABLE_STRICT_OBJC_MSGSEND = YES;
				GCC_C_LANGUAGE_STANDARD = gnu99;
				GCC_NO_COMMON_BLOCKS = YES;
				GCC_WARN_64_TO_32_BIT_CONVERSION = YES;
				GCC_WARN_ABOUT_RETURN_TYPE = YES_ERROR;
				GCC_WARN_UNDECLARED_SELECTOR = YES;
				GCC_WARN_UNINITIALIZED_AUTOS = YES_AGGRESSIVE;
				GCC_WARN_UNUSED_FUNCTION = YES;
				GCC_WARN_UNUSED_VARIABLE = YES;
				IPHONEOS_DEPLOYMENT_TARGET = 10.2;
				MTL_ENABLE_DEBUG_INFO = NO;
				SDKROOT = iphoneos;
				SWIFT_OPTIMIZATION_LEVEL = "-Owholemodule";
				TARGETED_DEVICE_FAMILY = "1,2";
				VALIDATE_PRODUCT = YES;
			};
			name = Release;
		};
		5A35A2371E73052100162A20 /* Debug */ = {
			isa = XCBuildConfiguration;
			buildSettings = {
				ASSETCATALOG_COMPILER_APPICON_NAME = AppIcon;
				DEVELOPMENT_TEAM = BP324SX4AT;
				INFOPLIST_FILE = Pair/Info.plist;
				LD_RUNPATH_SEARCH_PATHS = "$(inherited) @executable_path/Frameworks";
				PRODUCT_BUNDLE_IDENTIFIER = ooo.andr.Pair;
				PRODUCT_NAME = "$(TARGET_NAME)";
				SWIFT_VERSION = 3.0;
			};
			name = Debug;
		};
		5A35A2381E73052100162A20 /* Release */ = {
			isa = XCBuildConfiguration;
			buildSettings = {
				ASSETCATALOG_COMPILER_APPICON_NAME = AppIcon;
				DEVELOPMENT_TEAM = BP324SX4AT;
				INFOPLIST_FILE = Pair/Info.plist;
				LD_RUNPATH_SEARCH_PATHS = "$(inherited) @executable_path/Frameworks";
				PRODUCT_BUNDLE_IDENTIFIER = ooo.andr.Pair;
				PRODUCT_NAME = "$(TARGET_NAME)";
				SWIFT_VERSION = 3.0;
			};
			name = Release;
		};
/* End XCBuildConfiguration section */

/* Begin XCConfigurationList section */
		5A35A21F1E73052100162A20 /* Build configuration list for PBXProject "Pair" */ = {
			isa = XCConfigurationList;
			buildConfigurations = (
				5A35A2341E73052100162A20 /* Debug */,
				5A35A2351E73052100162A20 /* Release */,
			);
			defaultConfigurationIsVisible = 0;
			defaultConfigurationName = Release;
		};
		5A35A2361E73052100162A20 /* Build configuration list for PBXNativeTarget "Pair" */ = {
			isa = XCConfigurationList;
			buildConfigurations = (
				5A35A2371E73052100162A20 /* Debug */,
				5A35A2381E73052100162A20 /* Release */,
			);
			defaultConfigurationIsVisible = 0;
		};
/* End XCConfigurationList section */

/* Begin XCVersionGroup section */
		5A35A23F1E7306F600162A20 /* Pair.xcdatamodeld */ = {
			isa = XCVersionGroup;
			children = (
				5A35A2401E7306F600162A20 /* Pair.xcdatamodel */,
			);
			currentVersion = 5A35A2401E7306F600162A20 /* Pair.xcdatamodel */;
			path = Pair.xcdatamodeld;
			sourceTree = "<group>";
			versionGroupType = wrapper.xcdatamodel;
		};
/* End XCVersionGroup section */
	};
	rootObject = 5A35A21C1E73052100162A20 /* Project object */;
}
